// !$*UTF8*$!
{
	archiveVersion = 1;
	classes = {
	};
	objectVersion = 50;
	objects = {

/* Begin PBXBuildFile section */
		009240DD26959B40000877C0 /* AppDelegate.swift in Sources */ = {isa = PBXBuildFile; fileRef = 009240DC26959B40000877C0 /* AppDelegate.swift */; };
		009240E126959B40000877C0 /* ViewController.swift in Sources */ = {isa = PBXBuildFile; fileRef = 009240E026959B40000877C0 /* ViewController.swift */; };
		009240E426959B40000877C0 /* Main.storyboard in Resources */ = {isa = PBXBuildFile; fileRef = 009240E226959B40000877C0 /* Main.storyboard */; };
		009240E626959B41000877C0 /* Assets.xcassets in Resources */ = {isa = PBXBuildFile; fileRef = 009240E526959B41000877C0 /* Assets.xcassets */; };
		009240E926959B41000877C0 /* LaunchScreen.storyboard in Resources */ = {isa = PBXBuildFile; fileRef = 009240E726959B41000877C0 /* LaunchScreen.storyboard */; };
		009240F426959B41000877C0 /* HelloTests.swift in Sources */ = {isa = PBXBuildFile; fileRef = 009240F326959B41000877C0 /* HelloTests.swift */; };
		009240FF26959B41000877C0 /* HelloUITests.swift in Sources */ = {isa = PBXBuildFile; fileRef = 009240FE26959B41000877C0 /* HelloUITests.swift */; };
/* End PBXBuildFile section */

/* Begin PBXContainerItemProxy section */
		009240F026959B41000877C0 /* PBXContainerItemProxy */ = {
			isa = PBXContainerItemProxy;
			containerPortal = 009240D126959B40000877C0 /* Project object */;
			proxyType = 1;
			remoteGlobalIDString = 009240D826959B40000877C0;
			remoteInfo = Hello;
		};
		009240FB26959B41000877C0 /* PBXContainerItemProxy */ = {
			isa = PBXContainerItemProxy;
			containerPortal = 009240D126959B40000877C0 /* Project object */;
			proxyType = 1;
			remoteGlobalIDString = 009240D826959B40000877C0;
			remoteInfo = Hello;
		};
/* End PBXContainerItemProxy section */

/* Begin PBXFileReference section */
		009240D926959B40000877C0 /* Hello.app */ = {isa = PBXFileReference; explicitFileType = wrapper.application; includeInIndex = 0; path = Hello.app; sourceTree = BUILT_PRODUCTS_DIR; };
		009240DC26959B40000877C0 /* AppDelegate.swift */ = {isa = PBXFileReference; lastKnownFileType = sourcecode.swift; path = AppDelegate.swift; sourceTree = "<group>"; };
		009240E026959B40000877C0 /* ViewController.swift */ = {isa = PBXFileReference; lastKnownFileType = sourcecode.swift; path = ViewController.swift; sourceTree = "<group>"; };
		009240E326959B40000877C0 /* Base */ = {isa = PBXFileReference; lastKnownFileType = file.storyboard; name = Base; path = Base.lproj/Main.storyboard; sourceTree = "<group>"; };
		009240E526959B41000877C0 /* Assets.xcassets */ = {isa = PBXFileReference; lastKnownFileType = folder.assetcatalog; path = Assets.xcassets; sourceTree = "<group>"; };
		009240E826959B41000877C0 /* Base */ = {isa = PBXFileReference; lastKnownFileType = file.storyboard; name = Base; path = Base.lproj/LaunchScreen.storyboard; sourceTree = "<group>"; };
		009240EA26959B41000877C0 /* Info.plist */ = {isa = PBXFileReference; lastKnownFileType = text.plist.xml; path = Info.plist; sourceTree = "<group>"; };
		009240EF26959B41000877C0 /* HelloTests.xctest */ = {isa = PBXFileReference; explicitFileType = wrapper.cfbundle; includeInIndex = 0; path = HelloTests.xctest; sourceTree = BUILT_PRODUCTS_DIR; };
		009240F326959B41000877C0 /* HelloTests.swift */ = {isa = PBXFileReference; lastKnownFileType = sourcecode.swift; path = HelloTests.swift; sourceTree = "<group>"; };
		009240F526959B41000877C0 /* Info.plist */ = {isa = PBXFileReference; lastKnownFileType = text.plist.xml; path = Info.plist; sourceTree = "<group>"; };
		009240FA26959B41000877C0 /* HelloUITests.xctest */ = {isa = PBXFileReference; explicitFileType = wrapper.cfbundle; includeInIndex = 0; path = HelloUITests.xctest; sourceTree = BUILT_PRODUCTS_DIR; };
		009240FE26959B41000877C0 /* HelloUITests.swift */ = {isa = PBXFileReference; lastKnownFileType = sourcecode.swift; path = HelloUITests.swift; sourceTree = "<group>"; };
		0092410026959B41000877C0 /* Info.plist */ = {isa = PBXFileReference; lastKnownFileType = text.plist.xml; path = Info.plist; sourceTree = "<group>"; };
/* End PBXFileReference section */

/* Begin PBXFrameworksBuildPhase section */
		009240D626959B40000877C0 /* Frameworks */ = {
			isa = PBXFrameworksBuildPhase;
			buildActionMask = 2147483647;
			files = (
			);
			runOnlyForDeploymentPostprocessing = 0;
		};
		009240EC26959B41000877C0 /* Frameworks */ = {
			isa = PBXFrameworksBuildPhase;
			buildActionMask = 2147483647;
			files = (
			);
			runOnlyForDeploymentPostprocessing = 0;
		};
		009240F726959B41000877C0 /* Frameworks */ = {
			isa = PBXFrameworksBuildPhase;
			buildActionMask = 2147483647;
			files = (
			);
			runOnlyForDeploymentPostprocessing = 0;
		};
/* End PBXFrameworksBuildPhase section */

/* Begin PBXGroup section */
		009240D026959B40000877C0 = {
			isa = PBXGroup;
			children = (
				009240DB26959B40000877C0 /* Hello */,
				009240F226959B41000877C0 /* HelloTests */,
				009240FD26959B41000877C0 /* HelloUITests */,
				009240DA26959B40000877C0 /* Products */,
			);
			sourceTree = "<group>";
		};
		009240DA26959B40000877C0 /* Products */ = {
			isa = PBXGroup;
			children = (
				009240D926959B40000877C0 /* Hello.app */,
				009240EF26959B41000877C0 /* HelloTests.xctest */,
				009240FA26959B41000877C0 /* HelloUITests.xctest */,
			);
			name = Products;
			sourceTree = "<group>";
		};
		009240DB26959B40000877C0 /* Hello */ = {
			isa = PBXGroup;
			children = (
				009240DC26959B40000877C0 /* AppDelegate.swift */,
				009240E026959B40000877C0 /* ViewController.swift */,
				009240E226959B40000877C0 /* Main.storyboard */,
				009240E526959B41000877C0 /* Assets.xcassets */,
				009240E726959B41000877C0 /* LaunchScreen.storyboard */,
				009240EA26959B41000877C0 /* Info.plist */,
			);
			path = Hello;
			sourceTree = "<group>";
		};
		009240F226959B41000877C0 /* HelloTests */ = {
			isa = PBXGroup;
			children = (
				009240F326959B41000877C0 /* HelloTests.swift */,
				009240F526959B41000877C0 /* Info.plist */,
			);
			path = HelloTests;
			sourceTree = "<group>";
		};
		009240FD26959B41000877C0 /* HelloUITests */ = {
			isa = PBXGroup;
			children = (
				009240FE26959B41000877C0 /* HelloUITests.swift */,
				0092410026959B41000877C0 /* Info.plist */,
			);
			path = HelloUITests;
			sourceTree = "<group>";
		};
/* End PBXGroup section */

/* Begin PBXNativeTarget section */
		009240D826959B40000877C0 /* Hello */ = {
			isa = PBXNativeTarget;
			buildConfigurationList = 0092410326959B41000877C0 /* Build configuration list for PBXNativeTarget "Hello" */;
			buildPhases = (
				009240D526959B40000877C0 /* Sources */,
				009240D626959B40000877C0 /* Frameworks */,
				009240D726959B40000877C0 /* Resources */,
			);
			buildRules = (
			);
			dependencies = (
			);
			name = Hello;
			productName = Hello;
			productReference = 009240D926959B40000877C0 /* Hello.app */;
			productType = "com.apple.product-type.application";
		};
		009240EE26959B41000877C0 /* HelloTests */ = {
			isa = PBXNativeTarget;
			buildConfigurationList = 0092410626959B41000877C0 /* Build configuration list for PBXNativeTarget "HelloTests" */;
			buildPhases = (
				009240EB26959B41000877C0 /* Sources */,
				009240EC26959B41000877C0 /* Frameworks */,
				009240ED26959B41000877C0 /* Resources */,
			);
			buildRules = (
			);
			dependencies = (
				009240F126959B41000877C0 /* PBXTargetDependency */,
			);
			name = HelloTests;
			productName = HelloTests;
			productReference = 009240EF26959B41000877C0 /* HelloTests.xctest */;
			productType = "com.apple.product-type.bundle.unit-test";
		};
		009240F926959B41000877C0 /* HelloUITests */ = {
			isa = PBXNativeTarget;
			buildConfigurationList = 0092410926959B41000877C0 /* Build configuration list for PBXNativeTarget "HelloUITests" */;
			buildPhases = (
				009240F626959B41000877C0 /* Sources */,
				009240F726959B41000877C0 /* Frameworks */,
				009240F826959B41000877C0 /* Resources */,
			);
			buildRules = (
			);
			dependencies = (
				009240FC26959B41000877C0 /* PBXTargetDependency */,
			);
			name = HelloUITests;
			productName = HelloUITests;
			productReference = 009240FA26959B41000877C0 /* HelloUITests.xctest */;
			productType = "com.apple.product-type.bundle.ui-testing";
		};
/* End PBXNativeTarget section */

/* Begin PBXProject section */
		009240D126959B40000877C0 /* Project object */ = {
			isa = PBXProject;
			attributes = {
				LastSwiftUpdateCheck = 1250;
				LastUpgradeCheck = 1250;
				TargetAttributes = {
					009240D826959B40000877C0 = {
						CreatedOnToolsVersion = 12.5.1;
					};
					009240EE26959B41000877C0 = {
						CreatedOnToolsVersion = 12.5.1;
						TestTargetID = 009240D826959B40000877C0;
					};
					009240F926959B41000877C0 = {
						CreatedOnToolsVersion = 12.5.1;
						TestTargetID = 009240D826959B40000877C0;
					};
				};
			};
			buildConfigurationList = 009240D426959B40000877C0 /* Build configuration list for PBXProject "Hello" */;
			compatibilityVersion = "Xcode 9.3";
			developmentRegion = en;
			hasScannedForEncodings = 0;
			knownRegions = (
				en,
				Base,
			);
			mainGroup = 009240D026959B40000877C0;
			productRefGroup = 009240DA26959B40000877C0 /* Products */;
			projectDirPath = "";
			projectRoot = "";
			targets = (
				009240D826959B40000877C0 /* Hello */,
				009240EE26959B41000877C0 /* HelloTests */,
				009240F926959B41000877C0 /* HelloUITests */,
			);
		};
/* End PBXProject section */

/* Begin PBXResourcesBuildPhase section */
		009240D726959B40000877C0 /* Resources */ = {
			isa = PBXResourcesBuildPhase;
			buildActionMask = 2147483647;
			files = (
				009240E926959B41000877C0 /* LaunchScreen.storyboard in Resources */,
				009240E626959B41000877C0 /* Assets.xcassets in Resources */,
				009240E426959B40000877C0 /* Main.storyboard in Resources */,
			);
			runOnlyForDeploymentPostprocessing = 0;
		};
		009240ED26959B41000877C0 /* Resources */ = {
			isa = PBXResourcesBuildPhase;
			buildActionMask = 2147483647;
			files = (
			);
			runOnlyForDeploymentPostprocessing = 0;
		};
		009240F826959B41000877C0 /* Resources */ = {
			isa = PBXResourcesBuildPhase;
			buildActionMask = 2147483647;
			files = (
			);
			runOnlyForDeploymentPostprocessing = 0;
		};
/* End PBXResourcesBuildPhase section */

/* Begin PBXSourcesBuildPhase section */
		009240D526959B40000877C0 /* Sources */ = {
			isa = PBXSourcesBuildPhase;
			buildActionMask = 2147483647;
			files = (
				009240E126959B40000877C0 /* ViewController.swift in Sources */,
				009240DD26959B40000877C0 /* AppDelegate.swift in Sources */,
			);
			runOnlyForDeploymentPostprocessing = 0;
		};
		009240EB26959B41000877C0 /* Sources */ = {
			isa = PBXSourcesBuildPhase;
			buildActionMask = 2147483647;
			files = (
				009240F426959B41000877C0 /* HelloTests.swift in Sources */,
			);
			runOnlyForDeploymentPostprocessing = 0;
		};
		009240F626959B41000877C0 /* Sources */ = {
			isa = PBXSourcesBuildPhase;
			buildActionMask = 2147483647;
			files = (
				009240FF26959B41000877C0 /* HelloUITests.swift in Sources */,
			);
			runOnlyForDeploymentPostprocessing = 0;
		};
/* End PBXSourcesBuildPhase section */

/* Begin PBXTargetDependency section */
		009240F126959B41000877C0 /* PBXTargetDependency */ = {
			isa = PBXTargetDependency;
			target = 009240D826959B40000877C0 /* Hello */;
			targetProxy = 009240F026959B41000877C0 /* PBXContainerItemProxy */;
		};
		009240FC26959B41000877C0 /* PBXTargetDependency */ = {
			isa = PBXTargetDependency;
			target = 009240D826959B40000877C0 /* Hello */;
			targetProxy = 009240FB26959B41000877C0 /* PBXContainerItemProxy */;
		};
/* End PBXTargetDependency section */

/* Begin PBXVariantGroup section */
		009240E226959B40000877C0 /* Main.storyboard */ = {
			isa = PBXVariantGroup;
			children = (
				009240E326959B40000877C0 /* Base */,
			);
			name = Main.storyboard;
			sourceTree = "<group>";
		};
		009240E726959B41000877C0 /* LaunchScreen.storyboard */ = {
			isa = PBXVariantGroup;
			children = (
				009240E826959B41000877C0 /* Base */,
			);
			name = LaunchScreen.storyboard;
			sourceTree = "<group>";
		};
/* End PBXVariantGroup section */

/* Begin XCBuildConfiguration section */
		0092410126959B41000877C0 /* Debug */ = {
			isa = XCBuildConfiguration;
			buildSettings = {
				ALWAYS_SEARCH_USER_PATHS = NO;
				CLANG_ANALYZER_NONNULL = YES;
				CLANG_ANALYZER_NUMBER_OBJECT_CONVERSION = YES_AGGRESSIVE;
				CLANG_CXX_LANGUAGE_STANDARD = "gnu++14";
				CLANG_CXX_LIBRARY = "libc++";
				CLANG_ENABLE_MODULES = YES;
				CLANG_ENABLE_OBJC_ARC = YES;
				CLANG_ENABLE_OBJC_WEAK = YES;
				CLANG_WARN_BLOCK_CAPTURE_AUTORELEASING = YES;
				CLANG_WARN_BOOL_CONVERSION = YES;
				CLANG_WARN_COMMA = YES;
				CLANG_WARN_CONSTANT_CONVERSION = YES;
				CLANG_WARN_DEPRECATED_OBJC_IMPLEMENTATIONS = YES;
				CLANG_WARN_DIRECT_OBJC_ISA_USAGE = YES_ERROR;
				CLANG_WARN_DOCUMENTATION_COMMENTS = YES;
				CLANG_WARN_EMPTY_BODY = YES;
				CLANG_WARN_ENUM_CONVERSION = YES;
				CLANG_WARN_INFINITE_RECURSION = YES;
				CLANG_WARN_INT_CONVERSION = YES;
				CLANG_WARN_NON_LITERAL_NULL_CONVERSION = YES;
				CLANG_WARN_OBJC_IMPLICIT_RETAIN_SELF = YES;
				CLANG_WARN_OBJC_LITERAL_CONVERSION = YES;
				CLANG_WARN_OBJC_ROOT_CLASS = YES_ERROR;
				CLANG_WARN_QUOTED_INCLUDE_IN_FRAMEWORK_HEADER = YES;
				CLANG_WARN_RANGE_LOOP_ANALYSIS = YES;
				CLANG_WARN_STRICT_PROTOTYPES = YES;
				CLANG_WARN_SUSPICIOUS_MOVE = YES;
				CLANG_WARN_UNGUARDED_AVAILABILITY = YES_AGGRESSIVE;
				CLANG_WARN_UNREACHABLE_CODE = YES;
				CLANG_WARN__DUPLICATE_METHOD_MATCH = YES;
				COPY_PHASE_STRIP = NO;
				DEBUG_INFORMATION_FORMAT = dwarf;
				ENABLE_STRICT_OBJC_MSGSEND = YES;
				ENABLE_TESTABILITY = YES;
				GCC_C_LANGUAGE_STANDARD = gnu11;
				GCC_DYNAMIC_NO_PIC = NO;
				GCC_NO_COMMON_BLOCKS = YES;
				GCC_OPTIMIZATION_LEVEL = 0;
				GCC_PREPROCESSOR_DEFINITIONS = (
					"DEBUG=1",
					"$(inherited)",
				);
				GCC_WARN_64_TO_32_BIT_CONVERSION = YES;
				GCC_WARN_ABOUT_RETURN_TYPE = YES_ERROR;
				GCC_WARN_UNDECLARED_SELECTOR = YES;
				GCC_WARN_UNINITIALIZED_AUTOS = YES_AGGRESSIVE;
				GCC_WARN_UNUSED_FUNCTION = YES;
				GCC_WARN_UNUSED_VARIABLE = YES;
				IPHONEOS_DEPLOYMENT_TARGET = 14.5;
				MTL_ENABLE_DEBUG_INFO = INCLUDE_SOURCE;
				MTL_FAST_MATH = YES;
				ONLY_ACTIVE_ARCH = YES;
				SDKROOT = iphoneos;
				SWIFT_ACTIVE_COMPILATION_CONDITIONS = DEBUG;
				SWIFT_OPTIMIZATION_LEVEL = "-Onone";
			};
			name = Debug;
		};
		0092410226959B41000877C0 /* Release */ = {
			isa = XCBuildConfiguration;
			buildSettings = {
				ALWAYS_SEARCH_USER_PATHS = NO;
				CLANG_ANALYZER_NONNULL = YES;
				CLANG_ANALYZER_NUMBER_OBJECT_CONVERSION = YES_AGGRESSIVE;
				CLANG_CXX_LANGUAGE_STANDARD = "gnu++14";
				CLANG_CXX_LIBRARY = "libc++";
				CLANG_ENABLE_MODULES = YES;
				CLANG_ENABLE_OBJC_ARC = YES;
				CLANG_ENABLE_OBJC_WEAK = YES;
				CLANG_WARN_BLOCK_CAPTURE_AUTORELEASING = YES;
				CLANG_WARN_BOOL_CONVERSION = YES;
				CLANG_WARN_COMMA = YES;
				CLANG_WARN_CONSTANT_CONVERSION = YES;
				CLANG_WARN_DEPRECATED_OBJC_IMPLEMENTATIONS = YES;
				CLANG_WARN_DIRECT_OBJC_ISA_USAGE = YES_ERROR;
				CLANG_WARN_DOCUMENTATION_COMMENTS = YES;
				CLANG_WARN_EMPTY_BODY = YES;
				CLANG_WARN_ENUM_CONVERSION = YES;
				CLANG_WARN_INFINITE_RECURSION = YES;
				CLANG_WARN_INT_CONVERSION = YES;
				CLANG_WARN_NON_LITERAL_NULL_CONVERSION = YES;
				CLANG_WARN_OBJC_IMPLICIT_RETAIN_SELF = YES;
				CLANG_WARN_OBJC_LITERAL_CONVERSION = YES;
				CLANG_WARN_OBJC_ROOT_CLASS = YES_ERROR;
				CLANG_WARN_QUOTED_INCLUDE_IN_FRAMEWORK_HEADER = YES;
				CLANG_WARN_RANGE_LOOP_ANALYSIS = YES;
				CLANG_WARN_STRICT_PROTOTYPES = YES;
				CLANG_WARN_SUSPICIOUS_MOVE = YES;
				CLANG_WARN_UNGUARDED_AVAILABILITY = YES_AGGRESSIVE;
				CLANG_WARN_UNREACHABLE_CODE = YES;
				CLANG_WARN__DUPLICATE_METHOD_MATCH = YES;
				COPY_PHASE_STRIP = NO;
				DEBUG_INFORMATION_FORMAT = "dwarf-with-dsym";
				ENABLE_NS_ASSERTIONS = NO;
				ENABLE_STRICT_OBJC_MSGSEND = YES;
				GCC_C_LANGUAGE_STANDARD = gnu11;
				GCC_NO_COMMON_BLOCKS = YES;
				GCC_WARN_64_TO_32_BIT_CONVERSION = YES;
				GCC_WARN_ABOUT_RETURN_TYPE = YES_ERROR;
				GCC_WARN_UNDECLARED_SELECTOR = YES;
				GCC_WARN_UNINITIALIZED_AUTOS = YES_AGGRESSIVE;
				GCC_WARN_UNUSED_FUNCTION = YES;
				GCC_WARN_UNUSED_VARIABLE = YES;
				IPHONEOS_DEPLOYMENT_TARGET = 14.5;
				MTL_ENABLE_DEBUG_INFO = NO;
				MTL_FAST_MATH = YES;
				SDKROOT = iphoneos;
				SWIFT_COMPILATION_MODE = wholemodule;
				SWIFT_OPTIMIZATION_LEVEL = "-O";
				VALIDATE_PRODUCT = YES;
			};
			name = Release;
		};
		0092410426959B41000877C0 /* Debug */ = {
			isa = XCBuildConfiguration;
			buildSettings = {
				ASSETCATALOG_COMPILER_APPICON_NAME = AppIcon;
				ASSETCATALOG_COMPILER_GLOBAL_ACCENT_COLOR_NAME = AccentColor;
				CODE_SIGN_STYLE = Automatic;
				DEVELOPMENT_TEAM = WDR54724GS;
				INFOPLIST_FILE = Hello/Info.plist;
				LD_RUNPATH_SEARCH_PATHS = (
					"$(inherited)",
					"@executable_path/Frameworks",
				);
				PRODUCT_BUNDLE_IDENTIFIER = MACTEPok.Hello;
				PRODUCT_NAME = "$(TARGET_NAME)";
				SWIFT_VERSION = 5.0;
				TARGETED_DEVICE_FAMILY = "1,2";
			};
			name = Debug;
		};
		0092410526959B41000877C0 /* Release */ = {
			isa = XCBuildConfiguration;
			buildSettings = {
				ASSETCATALOG_COMPILER_APPICON_NAME = AppIcon;
				ASSETCATALOG_COMPILER_GLOBAL_ACCENT_COLOR_NAME = AccentColor;
				CODE_SIGN_STYLE = Automatic;
				DEVELOPMENT_TEAM = WDR54724GS;
				INFOPLIST_FILE = Hello/Info.plist;
				LD_RUNPATH_SEARCH_PATHS = (
					"$(inherited)",
					"@executable_path/Frameworks",
				);
				PRODUCT_BUNDLE_IDENTIFIER = MACTEPok.Hello;
				PRODUCT_NAME = "$(TARGET_NAME)";
				SWIFT_VERSION = 5.0;
				TARGETED_DEVICE_FAMILY = "1,2";
			};
			name = Release;
		};
		0092410726959B41000877C0 /* Debug */ = {
			isa = XCBuildConfiguration;
			buildSettings = {
				ALWAYS_EMBED_SWIFT_STANDARD_LIBRARIES = YES;
				BUNDLE_LOADER = "$(TEST_HOST)";
				CODE_SIGN_STYLE = Automatic;
				DEVELOPMENT_TEAM = WDR54724GS;
				INFOPLIST_FILE = HelloTests/Info.plist;
				IPHONEOS_DEPLOYMENT_TARGET = 14.5;
				LD_RUNPATH_SEARCH_PATHS = (
					"$(inherited)",
					"@executable_path/Frameworks",
					"@loader_path/Frameworks",
				);
				PRODUCT_BUNDLE_IDENTIFIER = MACTEPok.HelloTests;
				PRODUCT_NAME = "$(TARGET_NAME)";
				SWIFT_VERSION = 5.0;
				TARGETED_DEVICE_FAMILY = "1,2";
				TEST_HOST = "$(BUILT_PRODUCTS_DIR)/Hello.app/Hello";
			};
			name = Debug;
		};
		0092410826959B41000877C0 /* Release */ = {
			isa = XCBuildConfiguration;
			buildSettings = {
				ALWAYS_EMBED_SWIFT_STANDARD_LIBRARIES = YES;
				BUNDLE_LOADER = "$(TEST_HOST)";
				CODE_SIGN_STYLE = Automatic;
				DEVELOPMENT_TEAM = WDR54724GS;
				INFOPLIST_FILE = HelloTests/Info.plist;
				IPHONEOS_DEPLOYMENT_TARGET = 14.5;
				LD_RUNPATH_SEARCH_PATHS = (
					"$(inherited)",
					"@executable_path/Frameworks",
					"@loader_path/Frameworks",
				);
				PRODUCT_BUNDLE_IDENTIFIER = MACTEPok.HelloTests;
				PRODUCT_NAME = "$(TARGET_NAME)";
				SWIFT_VERSION = 5.0;
				TARGETED_DEVICE_FAMILY = "1,2";
				TEST_HOST = "$(BUILT_PRODUCTS_DIR)/Hello.app/Hello";
			};
			name = Release;
		};
		0092410A26959B41000877C0 /* Debug */ = {
			isa = XCBuildConfiguration;
			buildSettings = {
				ALWAYS_EMBED_SWIFT_STANDARD_LIBRARIES = YES;
				CODE_SIGN_STYLE = Automatic;
				DEVELOPMENT_TEAM = WDR54724GS;
				INFOPLIST_FILE = HelloUITests/Info.plist;
				LD_RUNPATH_SEARCH_PATHS = (
					"$(inherited)",
					"@executable_path/Frameworks",
					"@loader_path/Frameworks",
				);
				PRODUCT_BUNDLE_IDENTIFIER = MACTEPok.HelloUITests;
				PRODUCT_NAME = "$(TARGET_NAME)";
				SWIFT_VERSION = 5.0;
				TARGETED_DEVICE_FAMILY = "1,2";
				TEST_TARGET_NAME = Hello;
			};
			name = Debug;
		};
		0092410B26959B41000877C0 /* Release */ = {
			isa = XCBuildConfiguration;
			buildSettings = {
				ALWAYS_EMBED_SWIFT_STANDARD_LIBRARIES = YES;
				CODE_SIGN_STYLE = Automatic;
				DEVELOPMENT_TEAM = WDR54724GS;
				INFOPLIST_FILE = HelloUITests/Info.plist;
				LD_RUNPATH_SEARCH_PATHS = (
					"$(inherited)",
					"@executable_path/Frameworks",
					"@loader_path/Frameworks",
				);
				PRODUCT_BUNDLE_IDENTIFIER = MACTEPok.HelloUITests;
				PRODUCT_NAME = "$(TARGET_NAME)";
				SWIFT_VERSION = 5.0;
				TARGETED_DEVICE_FAMILY = "1,2";
				TEST_TARGET_NAME = Hello;
			};
			name = Release;
		};
/* End XCBuildConfiguration section */

/* Begin XCConfigurationList section */
		009240D426959B40000877C0 /* Build configuration list for PBXProject "Hello" */ = {
			isa = XCConfigurationList;
			buildConfigurations = (
				0092410126959B41000877C0 /* Debug */,
				0092410226959B41000877C0 /* Release */,
			);
			defaultConfigurationIsVisible = 0;
			defaultConfigurationName = Release;
		};
		0092410326959B41000877C0 /* Build configuration list for PBXNativeTarget "Hello" */ = {
			isa = XCConfigurationList;
			buildConfigurations = (
				0092410426959B41000877C0 /* Debug */,
				0092410526959B41000877C0 /* Release */,
			);
			defaultConfigurationIsVisible = 0;
			defaultConfigurationName = Release;
		};
		0092410626959B41000877C0 /* Build configuration list for PBXNativeTarget "HelloTests" */ = {
			isa = XCConfigurationList;
			buildConfigurations = (
				0092410726959B41000877C0 /* Debug */,
				0092410826959B41000877C0 /* Release */,
			);
			defaultConfigurationIsVisible = 0;
			defaultConfigurationName = Release;
		};
		0092410926959B41000877C0 /* Build configuration list for PBXNativeTarget "HelloUITests" */ = {
			isa = XCConfigurationList;
			buildConfigurations = (
				0092410A26959B41000877C0 /* Debug */,
				0092410B26959B41000877C0 /* Release */,
			);
			defaultConfigurationIsVisible = 0;
			defaultConfigurationName = Release;
		};
/* End XCConfigurationList section */
	};
	rootObject = 009240D126959B40000877C0 /* Project object */;
}
